
Microsoft Visual Studio Solution File, Format Version 11.00
# Visual Studio Version 17

Project("{8BC9CEB8-8B4A-11D0-8D11-00A0C91BC942}") = "LevelMeters - Standalone Plugin", "LevelMeters_StandalonePlugin.vcxproj", "{B4B6B66E-E52D-E7D4-66D5-B210D05ECC29}"
	ProjectSection(ProjectDependencies) = postProject
		{F55A4BA5-6571-488F-CA09-167317CE0C93} = {F55A4BA5-6571-488F-CA09-167317CE0C93}
	EndProjectSection
EndProject
Project("{8BC9CEB8-8B4A-11D0-8D11-00A0C91BC942}") = "LevelMeters - VST3", "LevelMeters_VST3.vcxproj", "{6EBF727C-2F45-95EE-522A-9BDF8D42EDE6}"
	ProjectSection(ProjectDependencies) = postProject
		{F55A4BA5-6571-488F-CA09-167317CE0C93} = {F55A4BA5-6571-488F-CA09-167317CE0C93}
		{6E922AE3-7925-D3D0-0D4B-4DDE5F3CA973} = {6E922AE3-7925-D3D0-0D4B-4DDE5F3CA973}
	EndProjectSection
EndProject
Project("{8BC9CEB8-8B4A-11D0-8D11-00A0C91BC942}") = "LevelMeters - Shared Code", "LevelMeters_SharedCode.vcxproj", "{F55A4BA5-6571-488F-CA09-167317CE0C93}"
EndProject
Project("{8BC9CEB8-8B4A-11D0-8D11-00A0C91BC942}") = "LevelMeters - VST3 Manifest Helper", "LevelMeters_VST3ManifestHelper.vcxproj", "{6E922AE3-7925-D3D0-0D4B-4DDE5F3CA973}"
EndProject
Global
	GlobalSection(SolutionConfigurationPlatforms) = preSolution
		Debug|x64 = Debug|x64
		Release|x64 = Release|x64
	EndGlobalSection
	GlobalSection(ProjectConfigurationPlatforms) = postSolution
		{6EBF727C-2F45-95EE-522A-9BDF8D42EDE6}.Debug|x64.ActiveCfg = Debug|x64
		{6EBF727C-2F45-95EE-522A-9BDF8D42EDE6}.Debug|x64.Build.0 = Debug|x64
		{6EBF727C-2F45-95EE-522A-9BDF8D42EDE6}.Release|x64.ActiveCfg = Release|x64
		{6EBF727C-2F45-95EE-522A-9BDF8D42EDE6}.Release|x64.Build.0 = Release|x64
		{B4B6B66E-E52D-E7D4-66D5-B210D05ECC29}.Debug|x64.ActiveCfg = Debug|x64
		{B4B6B66E-E52D-E7D4-66D5-B210D05ECC29}.Debug|x64.Build.0 = Debug|x64
		{B4B6B66E-E52D-E7D4-66D5-B210D05ECC29}.Release|x64.ActiveCfg = Release|x64
		{B4B6B66E-E52D-E7D4-66D5-B210D05ECC29}.Release|x64.Build.0 = Release|x64
		{F55A4BA5-6571-488F-CA09-167317CE0C93}.Debug|x64.ActiveCfg = Debug|x64
		{F55A4BA5-6571-488F-CA09-167317CE0C93}.Debug|x64.Build.0 = Debug|x64
		{F55A4BA5-6571-488F-CA09-167317CE0C93}.Release|x64.ActiveCfg = Release|x64
		{F55A4BA5-6571-488F-CA09-167317CE0C93}.Release|x64.Build.0 = Release|x64
		{6E922AE3-7925-D3D0-0D4B-4DDE5F3CA973}.Debug|x64.ActiveCfg = Debug|x64
		{6E922AE3-7925-D3D0-0D4B-4DDE5F3CA973}.Debug|x64.Build.0 = Debug|x64
		{6E922AE3-7925-D3D0-0D4B-4DDE5F3CA973}.Release|x64.ActiveCfg = Release|x64
		{6E922AE3-7925-D3D0-0D4B-4DDE5F3CA973}.Release|x64.Build.0 = Release|x64
	EndGlobalSection
	GlobalSection(SolutionProperties) = preSolution
		HideSolutionNode = FALSE
	EndGlobalSection
EndGlobal
